// !$*UTF8*$!
{
	archiveVersion = 1;
	classes = {
	};
	objectVersion = 46;
	objects = {

/* Begin PBXBuildFile section */
		E41A20F21F83126400CEA41A /* TweetInfoMediaTableViewCell.swift in Sources */ = {isa = PBXBuildFile; fileRef = E41A20F11F83126400CEA41A /* TweetInfoMediaTableViewCell.swift */; };
		E41A20F51F832AFF00CEA41A /* TweetMediaImageViewController.swift in Sources */ = {isa = PBXBuildFile; fileRef = E41A20F41F832AFF00CEA41A /* TweetMediaImageViewController.swift */; };
		E41A20FA1F83710500CEA41A /* SearchHistoryTableViewController.swift in Sources */ = {isa = PBXBuildFile; fileRef = E41A20F91F83710500CEA41A /* SearchHistoryTableViewController.swift */; };
		E41A20FD1F83770900CEA41A /* TweetSearchHistory.swift in Sources */ = {isa = PBXBuildFile; fileRef = E41A20FC1F83770900CEA41A /* TweetSearchHistory.swift */; };
		E41A21001F837FFE00CEA41A /* DependencyInjector.swift in Sources */ = {isa = PBXBuildFile; fileRef = E41A20FF1F837FFE00CEA41A /* DependencyInjector.swift */; };
		E42DC8B41F8210C400AB52C3 /* TweetInfoTableTableViewController.swift in Sources */ = {isa = PBXBuildFile; fileRef = E42DC8B31F8210C400AB52C3 /* TweetInfoTableTableViewController.swift */; };
		E42DC8B81F82210F00AB52C3 /* TweetInfoModel.swift in Sources */ = {isa = PBXBuildFile; fileRef = E42DC8B71F82210F00AB52C3 /* TweetInfoModel.swift */; };
		E4520F941F95F3B600AF5E77 /* TweetsImagesModel.swift in Sources */ = {isa = PBXBuildFile; fileRef = E4520F931F95F3B600AF5E77 /* TweetsImagesModel.swift */; };
		E45452931F95B5AE00A00BFB /* TweetWebViewController.swift in Sources */ = {isa = PBXBuildFile; fileRef = E45452921F95B5AE00A00BFB /* TweetWebViewController.swift */; };
		E46000D41F7F770D00F76523 /* AppDelegate.swift in Sources */ = {isa = PBXBuildFile; fileRef = E46000C01F7F770D00F76523 /* AppDelegate.swift */; };
		E46000D61F7F770D00F76523 /* SmashTweetersTableViewController.swift in Sources */ = {isa = PBXBuildFile; fileRef = E46000C31F7F770D00F76523 /* SmashTweetersTableViewController.swift */; };
		E46000D71F7F770D00F76523 /* SmashTweetTableViewController.swift in Sources */ = {isa = PBXBuildFile; fileRef = E46000C41F7F770D00F76523 /* SmashTweetTableViewController.swift */; };
		E46000D81F7F770D00F76523 /* LaunchScreen.storyboard in Resources */ = {isa = PBXBuildFile; fileRef = E46000C61F7F770D00F76523 /* LaunchScreen.storyboard */; };
		E46000D91F7F770D00F76523 /* Main.storyboard in Resources */ = {isa = PBXBuildFile; fileRef = E46000C71F7F770D00F76523 /* Main.storyboard */; };
		E46000DA1F7F770D00F76523 /* TweetTableViewCell.swift in Sources */ = {isa = PBXBuildFile; fileRef = E46000C81F7F770D00F76523 /* TweetTableViewCell.swift */; };
		E46000DB1F7F770D00F76523 /* TweetTableViewController.swift in Sources */ = {isa = PBXBuildFile; fileRef = E46000C91F7F770D00F76523 /* TweetTableViewController.swift */; };
		E46000DD1F7F770D00F76523 /* FetchedResultsTableViewController.swift in Sources */ = {isa = PBXBuildFile; fileRef = E46000CC1F7F770D00F76523 /* FetchedResultsTableViewController.swift */; };
		E46000DE1F7F770D00F76523 /* Smash.xcdatamodeld in Sources */ = {isa = PBXBuildFile; fileRef = E46000CD1F7F770D00F76523 /* Smash.xcdatamodeld */; };
		E46000DF1F7F770D00F76523 /* Tweet.swift in Sources */ = {isa = PBXBuildFile; fileRef = E46000CF1F7F770D00F76523 /* Tweet.swift */; };
		E46000E01F7F770D00F76523 /* TwitterUser.swift in Sources */ = {isa = PBXBuildFile; fileRef = E46000D01F7F770D00F76523 /* TwitterUser.swift */; };
		E46000E11F7F770D00F76523 /* UITableViewDataSource+NSFetchedResultsController.swift in Sources */ = {isa = PBXBuildFile; fileRef = E46000D11F7F770D00F76523 /* UITableViewDataSource+NSFetchedResultsController.swift */; };
		E46000E21F7F770D00F76523 /* Assets.xcassets in Resources */ = {isa = PBXBuildFile; fileRef = E46000D31F7F770D00F76523 /* Assets.xcassets */; };
		E46000E41F7F775B00F76523 /* Twitter.framework in Frameworks */ = {isa = PBXBuildFile; fileRef = E46000E31F7F775B00F76523 /* Twitter.framework */; };
		E46000E51F7F775B00F76523 /* Twitter.framework in Embed Frameworks */ = {isa = PBXBuildFile; fileRef = E46000E31F7F775B00F76523 /* Twitter.framework */; settings = {ATTRIBUTES = (CodeSignOnCopy, RemoveHeadersOnCopy, ); }; };
		E461547E1FB96B2D0080EFD6 /* PopularityViewController.swift in Sources */ = {isa = PBXBuildFile; fileRef = E461547D1FB96B2D0080EFD6 /* PopularityViewController.swift */; };
		E46154831FB97A350080EFD6 /* TweetPopularityViewModel.swift in Sources */ = {isa = PBXBuildFile; fileRef = E46154821FB97A350080EFD6 /* TweetPopularityViewModel.swift */; };
		E46154871FB989250080EFD6 /* TweetMention+CoreDataClass.swift in Sources */ = {isa = PBXBuildFile; fileRef = E46154851FB989250080EFD6 /* TweetMention+CoreDataClass.swift */; };
		E461548A1FB9A79F0080EFD6 /* SearchResult.swift in Sources */ = {isa = PBXBuildFile; fileRef = E46154891FB9A79F0080EFD6 /* SearchResult.swift */; };
		E48088311FBA7BF1004311A0 /* DataBasePruningService.swift in Sources */ = {isa = PBXBuildFile; fileRef = E48088301FBA7BF1004311A0 /* DataBasePruningService.swift */; };
		E4D012AA1FB7EA260054C59B /* TweetImageCollectionViewCell.swift in Sources */ = {isa = PBXBuildFile; fileRef = E4D012A91FB7EA260054C59B /* TweetImageCollectionViewCell.swift */; };
		E4D837C41FB719F800389C99 /* TweetPicturesViewController.swift in Sources */ = {isa = PBXBuildFile; fileRef = E4D837C31FB719F800389C99 /* TweetPicturesViewController.swift */; };
		E4D837C71FB7233800389C99 /* OperationsResults.swift in Sources */ = {isa = PBXBuildFile; fileRef = E4D837C61FB7233800389C99 /* OperationsResults.swift */; };
		E4E357A61F838AEF000A10C9 /* DependencyInjectorUse.swift in Sources */ = {isa = PBXBuildFile; fileRef = E4E357A51F838AEF000A10C9 /* DependencyInjectorUse.swift */; };
		E4E357A81F838B36000A10C9 /* TweetSearchHistoryUse.swift in Sources */ = {isa = PBXBuildFile; fileRef = E4E357A71F838B36000A10C9 /* TweetSearchHistoryUse.swift */; };
		E4F713FA1FB9590000D693D4 /* TweetTabBarController.swift in Sources */ = {isa = PBXBuildFile; fileRef = E4F713F91FB9590000D693D4 /* TweetTabBarController.swift */; };
		E4FC4EF21F82405A0032D006 /* TweetInfoSection.swift in Sources */ = {isa = PBXBuildFile; fileRef = E4FC4EF11F82405A0032D006 /* TweetInfoSection.swift */; };
		E4FC4EF41F8240DD0032D006 /* TweetInfoSectionType.swift in Sources */ = {isa = PBXBuildFile; fileRef = E4FC4EF31F8240DD0032D006 /* TweetInfoSectionType.swift */; };
		E4FC4EF61F824CE40032D006 /* TweetInfoCellFactory.swift in Sources */ = {isa = PBXBuildFile; fileRef = E4FC4EF51F824CE40032D006 /* TweetInfoCellFactory.swift */; };
/* End PBXBuildFile section */

/* Begin PBXCopyFilesBuildPhase section */
		E46000E61F7F775C00F76523 /* Embed Frameworks */ = {
			isa = PBXCopyFilesBuildPhase;
			buildActionMask = 2147483647;
			dstPath = "";
			dstSubfolderSpec = 10;
			files = (
				E46000E51F7F775B00F76523 /* Twitter.framework in Embed Frameworks */,
			);
			name = "Embed Frameworks";
			runOnlyForDeploymentPostprocessing = 0;
		};
/* End PBXCopyFilesBuildPhase section */

/* Begin PBXFileReference section */
		E41A20F11F83126400CEA41A /* TweetInfoMediaTableViewCell.swift */ = {isa = PBXFileReference; lastKnownFileType = sourcecode.swift; path = TweetInfoMediaTableViewCell.swift; sourceTree = "<group>"; };
		E41A20F41F832AFF00CEA41A /* TweetMediaImageViewController.swift */ = {isa = PBXFileReference; lastKnownFileType = sourcecode.swift; path = TweetMediaImageViewController.swift; sourceTree = "<group>"; };
		E41A20F91F83710500CEA41A /* SearchHistoryTableViewController.swift */ = {isa = PBXFileReference; lastKnownFileType = sourcecode.swift; path = SearchHistoryTableViewController.swift; sourceTree = "<group>"; };
		E41A20FC1F83770900CEA41A /* TweetSearchHistory.swift */ = {isa = PBXFileReference; lastKnownFileType = sourcecode.swift; path = TweetSearchHistory.swift; sourceTree = "<group>"; };
		E41A20FF1F837FFE00CEA41A /* DependencyInjector.swift */ = {isa = PBXFileReference; lastKnownFileType = sourcecode.swift; path = DependencyInjector.swift; sourceTree = "<group>"; };
		E42DC8B31F8210C400AB52C3 /* TweetInfoTableTableViewController.swift */ = {isa = PBXFileReference; lastKnownFileType = sourcecode.swift; path = TweetInfoTableTableViewController.swift; sourceTree = "<group>"; };
		E42DC8B71F82210F00AB52C3 /* TweetInfoModel.swift */ = {isa = PBXFileReference; lastKnownFileType = sourcecode.swift; path = TweetInfoModel.swift; sourceTree = "<group>"; };
		E4520F931F95F3B600AF5E77 /* TweetsImagesModel.swift */ = {isa = PBXFileReference; lastKnownFileType = sourcecode.swift; path = TweetsImagesModel.swift; sourceTree = "<group>"; };
		E45452921F95B5AE00A00BFB /* TweetWebViewController.swift */ = {isa = PBXFileReference; lastKnownFileType = sourcecode.swift; path = TweetWebViewController.swift; sourceTree = "<group>"; };
		E46000C01F7F770D00F76523 /* AppDelegate.swift */ = {isa = PBXFileReference; fileEncoding = 4; lastKnownFileType = sourcecode.swift; path = AppDelegate.swift; sourceTree = "<group>"; };
		E46000C11F7F770D00F76523 /* Info.plist */ = {isa = PBXFileReference; fileEncoding = 4; lastKnownFileType = text.plist.xml; path = Info.plist; sourceTree = "<group>"; };
		E46000C31F7F770D00F76523 /* SmashTweetersTableViewController.swift */ = {isa = PBXFileReference; fileEncoding = 4; lastKnownFileType = sourcecode.swift; path = SmashTweetersTableViewController.swift; sourceTree = "<group>"; };
		E46000C41F7F770D00F76523 /* SmashTweetTableViewController.swift */ = {isa = PBXFileReference; fileEncoding = 4; lastKnownFileType = sourcecode.swift; path = SmashTweetTableViewController.swift; sourceTree = "<group>"; };
		E46000C61F7F770D00F76523 /* LaunchScreen.storyboard */ = {isa = PBXFileReference; fileEncoding = 4; lastKnownFileType = file.storyboard; path = LaunchScreen.storyboard; sourceTree = "<group>"; };
		E46000C71F7F770D00F76523 /* Main.storyboard */ = {isa = PBXFileReference; fileEncoding = 4; lastKnownFileType = file.storyboard; path = Main.storyboard; sourceTree = "<group>"; };
		E46000C81F7F770D00F76523 /* TweetTableViewCell.swift */ = {isa = PBXFileReference; fileEncoding = 4; lastKnownFileType = sourcecode.swift; path = TweetTableViewCell.swift; sourceTree = "<group>"; };
		E46000C91F7F770D00F76523 /* TweetTableViewController.swift */ = {isa = PBXFileReference; fileEncoding = 4; lastKnownFileType = sourcecode.swift; path = TweetTableViewController.swift; sourceTree = "<group>"; };
		E46000CC1F7F770D00F76523 /* FetchedResultsTableViewController.swift */ = {isa = PBXFileReference; fileEncoding = 4; lastKnownFileType = sourcecode.swift; path = FetchedResultsTableViewController.swift; sourceTree = "<group>"; };
		E46000CE1F7F770D00F76523 /* Smash.xcdatamodel */ = {isa = PBXFileReference; lastKnownFileType = wrapper.xcdatamodel; path = Smash.xcdatamodel; sourceTree = "<group>"; };
		E46000CF1F7F770D00F76523 /* Tweet.swift */ = {isa = PBXFileReference; fileEncoding = 4; lastKnownFileType = sourcecode.swift; path = Tweet.swift; sourceTree = "<group>"; };
		E46000D01F7F770D00F76523 /* TwitterUser.swift */ = {isa = PBXFileReference; fileEncoding = 4; lastKnownFileType = sourcecode.swift; path = TwitterUser.swift; sourceTree = "<group>"; };
		E46000D11F7F770D00F76523 /* UITableViewDataSource+NSFetchedResultsController.swift */ = {isa = PBXFileReference; fileEncoding = 4; lastKnownFileType = sourcecode.swift; path = "UITableViewDataSource+NSFetchedResultsController.swift"; sourceTree = "<group>"; };
		E46000D31F7F770D00F76523 /* Assets.xcassets */ = {isa = PBXFileReference; lastKnownFileType = folder.assetcatalog; path = Assets.xcassets; sourceTree = "<group>"; };
		E46000E31F7F775B00F76523 /* Twitter.framework */ = {isa = PBXFileReference; explicitFileType = wrapper.framework; path = Twitter.framework; sourceTree = BUILT_PRODUCTS_DIR; };
		E461547D1FB96B2D0080EFD6 /* PopularityViewController.swift */ = {isa = PBXFileReference; lastKnownFileType = sourcecode.swift; path = PopularityViewController.swift; sourceTree = "<group>"; };
		E46154821FB97A350080EFD6 /* TweetPopularityViewModel.swift */ = {isa = PBXFileReference; lastKnownFileType = sourcecode.swift; path = TweetPopularityViewModel.swift; sourceTree = "<group>"; };
		E46154851FB989250080EFD6 /* TweetMention+CoreDataClass.swift */ = {isa = PBXFileReference; lastKnownFileType = sourcecode.swift; path = "TweetMention+CoreDataClass.swift"; sourceTree = "<group>"; };
		E46154891FB9A79F0080EFD6 /* SearchResult.swift */ = {isa = PBXFileReference; lastKnownFileType = sourcecode.swift; path = SearchResult.swift; sourceTree = "<group>"; };
		E48088301FBA7BF1004311A0 /* DataBasePruningService.swift */ = {isa = PBXFileReference; lastKnownFileType = sourcecode.swift; path = DataBasePruningService.swift; sourceTree = "<group>"; };
		E4D012A91FB7EA260054C59B /* TweetImageCollectionViewCell.swift */ = {isa = PBXFileReference; lastKnownFileType = sourcecode.swift; path = TweetImageCollectionViewCell.swift; sourceTree = "<group>"; };
		E4D837C31FB719F800389C99 /* TweetPicturesViewController.swift */ = {isa = PBXFileReference; lastKnownFileType = sourcecode.swift; path = TweetPicturesViewController.swift; sourceTree = "<group>"; };
		E4D837C61FB7233800389C99 /* OperationsResults.swift */ = {isa = PBXFileReference; fileEncoding = 4; lastKnownFileType = sourcecode.swift; path = OperationsResults.swift; sourceTree = "<group>"; };
		E4E357A51F838AEF000A10C9 /* DependencyInjectorUse.swift */ = {isa = PBXFileReference; lastKnownFileType = sourcecode.swift; path = DependencyInjectorUse.swift; sourceTree = "<group>"; };
		E4E357A71F838B36000A10C9 /* TweetSearchHistoryUse.swift */ = {isa = PBXFileReference; lastKnownFileType = sourcecode.swift; path = TweetSearchHistoryUse.swift; sourceTree = "<group>"; };
		E4F713F91FB9590000D693D4 /* TweetTabBarController.swift */ = {isa = PBXFileReference; lastKnownFileType = sourcecode.swift; path = TweetTabBarController.swift; sourceTree = "<group>"; };
		E4FC4EF11F82405A0032D006 /* TweetInfoSection.swift */ = {isa = PBXFileReference; lastKnownFileType = sourcecode.swift; path = TweetInfoSection.swift; sourceTree = "<group>"; };
		E4FC4EF31F8240DD0032D006 /* TweetInfoSectionType.swift */ = {isa = PBXFileReference; lastKnownFileType = sourcecode.swift; path = TweetInfoSectionType.swift; sourceTree = "<group>"; };
		E4FC4EF51F824CE40032D006 /* TweetInfoCellFactory.swift */ = {isa = PBXFileReference; lastKnownFileType = sourcecode.swift; path = TweetInfoCellFactory.swift; sourceTree = "<group>"; };
		EC7D5EBB1E4BF94B009A2E85 /* Smashtag.app */ = {isa = PBXFileReference; explicitFileType = wrapper.application; includeInIndex = 0; path = Smashtag.app; sourceTree = BUILT_PRODUCTS_DIR; };
/* End PBXFileReference section */

/* Begin PBXFrameworksBuildPhase section */
		EC7D5EB81E4BF94B009A2E85 /* Frameworks */ = {
			isa = PBXFrameworksBuildPhase;
			buildActionMask = 2147483647;
			files = (
				E46000E41F7F775B00F76523 /* Twitter.framework in Frameworks */,
			);
			runOnlyForDeploymentPostprocessing = 0;
		};
/* End PBXFrameworksBuildPhase section */

/* Begin PBXGroup section */
		E41A20F31F832AD700CEA41A /* TweetMediaImageViewController */ = {
			isa = PBXGroup;
			children = (
				E41A20F41F832AFF00CEA41A /* TweetMediaImageViewController.swift */,
			);
			path = TweetMediaImageViewController;
			sourceTree = "<group>";
		};
		E41A20F81F8370C400CEA41A /* SearchHistoryTable */ = {
			isa = PBXGroup;
			children = (
				E41A20F91F83710500CEA41A /* SearchHistoryTableViewController.swift */,
			);
			path = SearchHistoryTable;
			sourceTree = "<group>";
		};
		E41A20FB1F8376E600CEA41A /* TweetSearchHistory */ = {
			isa = PBXGroup;
			children = (
				E41A20FC1F83770900CEA41A /* TweetSearchHistory.swift */,
				E4E357A71F838B36000A10C9 /* TweetSearchHistoryUse.swift */,
			);
			path = TweetSearchHistory;
			sourceTree = "<group>";
		};
		E41A20FE1F837FC300CEA41A /* DependencyInjector */ = {
			isa = PBXGroup;
			children = (
				E41A20FF1F837FFE00CEA41A /* DependencyInjector.swift */,
				E4E357A51F838AEF000A10C9 /* DependencyInjectorUse.swift */,
			);
			path = DependencyInjector;
			sourceTree = "<group>";
		};
		E42DC8B21F82108F00AB52C3 /* TweetInfoTable */ = {
			isa = PBXGroup;
			children = (
				E42DC8B31F8210C400AB52C3 /* TweetInfoTableTableViewController.swift */,
				E4FC4EF51F824CE40032D006 /* TweetInfoCellFactory.swift */,
				E41A20F11F83126400CEA41A /* TweetInfoMediaTableViewCell.swift */,
			);
			path = TweetInfoTable;
			sourceTree = "<group>";
		};
		E42DC8B51F8220CE00AB52C3 /* BusinessLogicLayer */ = {
			isa = PBXGroup;
			children = (
				E480882F1FBA7BC7004311A0 /* DataBasePruningService */,
				E46154841FB97A4E0080EFD6 /* TweetPopularityViewModel */,
				E4520F921F95F32100AF5E77 /* TweetsImages */,
				E41A20FE1F837FC300CEA41A /* DependencyInjector */,
				E41A20FB1F8376E600CEA41A /* TweetSearchHistory */,
				E4FC4EEE1F823FD20032D006 /* TweetInfoSection */,
				E42DC8B61F8220EC00AB52C3 /* TweetInfoModel */,
			);
			path = BusinessLogicLayer;
			sourceTree = "<group>";
		};
		E42DC8B61F8220EC00AB52C3 /* TweetInfoModel */ = {
			isa = PBXGroup;
			children = (
				E42DC8B71F82210F00AB52C3 /* TweetInfoModel.swift */,
			);
			path = TweetInfoModel;
			sourceTree = "<group>";
		};
		E4520F921F95F32100AF5E77 /* TweetsImages */ = {
			isa = PBXGroup;
			children = (
				E4520F931F95F3B600AF5E77 /* TweetsImagesModel.swift */,
			);
			path = TweetsImages;
			sourceTree = "<group>";
		};
		E45452911F95B50A00A00BFB /* TweetWebViewController */ = {
			isa = PBXGroup;
			children = (
				E45452921F95B5AE00A00BFB /* TweetWebViewController.swift */,
			);
			path = TweetWebViewController;
			sourceTree = "<group>";
		};
		E46000BF1F7F770D00F76523 /* Supporting Files */ = {
			isa = PBXGroup;
			children = (
				E46000C01F7F770D00F76523 /* AppDelegate.swift */,
				E46000C11F7F770D00F76523 /* Info.plist */,
			);
			path = "Supporting Files";
			sourceTree = "<group>";
		};
		E46000C21F7F770D00F76523 /* UI */ = {
			isa = PBXGroup;
			children = (
				E461547C1FB96AEA0080EFD6 /* PopularityViewController */,
				E4F713F81FB958C400D693D4 /* TweetTabBarController */,
				E4D837C21FB719B400389C99 /* TweetPicturesViewController */,
				E45452911F95B50A00A00BFB /* TweetWebViewController */,
				E41A20F81F8370C400CEA41A /* SearchHistoryTable */,
				E41A20F31F832AD700CEA41A /* TweetMediaImageViewController */,
				E42DC8B21F82108F00AB52C3 /* TweetInfoTable */,
				E46000EA1F7F91EB00F76523 /* SmashTweetTable */,
				E46000E91F7F916300F76523 /* SmashTweetersTable */,
				E46000E81F7F915000F76523 /* TweetTable */,
				E46000C51F7F770D00F76523 /* StoryBoards */,
			);
			path = UI;
			sourceTree = "<group>";
		};
		E46000C51F7F770D00F76523 /* StoryBoards */ = {
			isa = PBXGroup;
			children = (
				E46000C61F7F770D00F76523 /* LaunchScreen.storyboard */,
				E46000C71F7F770D00F76523 /* Main.storyboard */,
			);
			path = StoryBoards;
			sourceTree = "<group>";
		};
		E46000CB1F7F770D00F76523 /* CoreData */ = {
			isa = PBXGroup;
			children = (
				E46154851FB989250080EFD6 /* TweetMention+CoreDataClass.swift */,
				E46000CC1F7F770D00F76523 /* FetchedResultsTableViewController.swift */,
				E46000CD1F7F770D00F76523 /* Smash.xcdatamodeld */,
				E46000CF1F7F770D00F76523 /* Tweet.swift */,
				E46000D01F7F770D00F76523 /* TwitterUser.swift */,
				E46154891FB9A79F0080EFD6 /* SearchResult.swift */,
			);
			path = CoreData;
			sourceTree = "<group>";
		};
		E46000D21F7F770D00F76523 /* Resourses */ = {
			isa = PBXGroup;
			children = (
				E46000D31F7F770D00F76523 /* Assets.xcassets */,
			);
			path = Resourses;
			sourceTree = "<group>";
		};
		E46000E81F7F915000F76523 /* TweetTable */ = {
			isa = PBXGroup;
			children = (
				E46000C81F7F770D00F76523 /* TweetTableViewCell.swift */,
				E46000C91F7F770D00F76523 /* TweetTableViewController.swift */,
			);
			path = TweetTable;
			sourceTree = "<group>";
		};
		E46000E91F7F916300F76523 /* SmashTweetersTable */ = {
			isa = PBXGroup;
			children = (
				E46000C31F7F770D00F76523 /* SmashTweetersTableViewController.swift */,
				E46000D11F7F770D00F76523 /* UITableViewDataSource+NSFetchedResultsController.swift */,
			);
			path = SmashTweetersTable;
			sourceTree = "<group>";
		};
		E46000EA1F7F91EB00F76523 /* SmashTweetTable */ = {
			isa = PBXGroup;
			children = (
				E46000C41F7F770D00F76523 /* SmashTweetTableViewController.swift */,
			);
			path = SmashTweetTable;
			sourceTree = "<group>";
		};
		E461547C1FB96AEA0080EFD6 /* PopularityViewController */ = {
			isa = PBXGroup;
			children = (
				E461547D1FB96B2D0080EFD6 /* PopularityViewController.swift */,
			);
			path = PopularityViewController;
			sourceTree = "<group>";
		};
		E46154841FB97A4E0080EFD6 /* TweetPopularityViewModel */ = {
			isa = PBXGroup;
			children = (
				E46154821FB97A350080EFD6 /* TweetPopularityViewModel.swift */,
			);
			path = TweetPopularityViewModel;
			sourceTree = "<group>";
		};
		E480882F1FBA7BC7004311A0 /* DataBasePruningService */ = {
			isa = PBXGroup;
			children = (
				E48088301FBA7BF1004311A0 /* DataBasePruningService.swift */,
			);
			path = DataBasePruningService;
			sourceTree = "<group>";
		};
		E4D837C21FB719B400389C99 /* TweetPicturesViewController */ = {
			isa = PBXGroup;
			children = (
				E4D837C31FB719F800389C99 /* TweetPicturesViewController.swift */,
				E4D012A91FB7EA260054C59B /* TweetImageCollectionViewCell.swift */,
			);
			path = TweetPicturesViewController;
			sourceTree = "<group>";
		};
		E4D837C51FB7231600389C99 /* CoreLayer */ = {
			isa = PBXGroup;
			children = (
				E4D837C81FB7235C00389C99 /* OperationsResults */,
			);
			path = CoreLayer;
			sourceTree = "<group>";
		};
		E4D837C81FB7235C00389C99 /* OperationsResults */ = {
			isa = PBXGroup;
			children = (
				E4D837C61FB7233800389C99 /* OperationsResults.swift */,
			);
			path = OperationsResults;
			sourceTree = "<group>";
		};
		E4F713F81FB958C400D693D4 /* TweetTabBarController */ = {
			isa = PBXGroup;
			children = (
				E4F713F91FB9590000D693D4 /* TweetTabBarController.swift */,
			);
			path = TweetTabBarController;
			sourceTree = "<group>";
		};
		E4FC4EEE1F823FD20032D006 /* TweetInfoSection */ = {
			isa = PBXGroup;
			children = (
				E4FC4EF11F82405A0032D006 /* TweetInfoSection.swift */,
				E4FC4EF31F8240DD0032D006 /* TweetInfoSectionType.swift */,
			);
			path = TweetInfoSection;
			sourceTree = "<group>";
		};
		EC7D5EB21E4BF94B009A2E85 = {
			isa = PBXGroup;
			children = (
				EC7D5EBD1E4BF94B009A2E85 /* Smashtag */,
				EC7D5EBC1E4BF94B009A2E85 /* Products */,
				E46000E31F7F775B00F76523 /* Twitter.framework */,
			);
			sourceTree = "<group>";
		};
		EC7D5EBC1E4BF94B009A2E85 /* Products */ = {
			isa = PBXGroup;
			children = (
				EC7D5EBB1E4BF94B009A2E85 /* Smashtag.app */,
			);
			name = Products;
			sourceTree = "<group>";
		};
		EC7D5EBD1E4BF94B009A2E85 /* Smashtag */ = {
			isa = PBXGroup;
			children = (
				E4D837C51FB7231600389C99 /* CoreLayer */,
				E42DC8B51F8220CE00AB52C3 /* BusinessLogicLayer */,
				E46000C21F7F770D00F76523 /* UI */,
				E46000CB1F7F770D00F76523 /* CoreData */,
				E46000D21F7F770D00F76523 /* Resourses */,
				E46000BF1F7F770D00F76523 /* Supporting Files */,
			);
			path = Smashtag;
			sourceTree = "<group>";
		};
/* End PBXGroup section */

/* Begin PBXNativeTarget section */
		EC7D5EBA1E4BF94B009A2E85 /* Smashtag */ = {
			isa = PBXNativeTarget;
			buildConfigurationList = EC7D5ECD1E4BF94B009A2E85 /* Build configuration list for PBXNativeTarget "Smashtag" */;
			buildPhases = (
				EC7D5EB71E4BF94B009A2E85 /* Sources */,
				EC7D5EB81E4BF94B009A2E85 /* Frameworks */,
				EC7D5EB91E4BF94B009A2E85 /* Resources */,
				E46000E61F7F775C00F76523 /* Embed Frameworks */,
			);
			buildRules = (
			);
			dependencies = (
			);
			name = Smashtag;
			productName = Smashtag;
			productReference = EC7D5EBB1E4BF94B009A2E85 /* Smashtag.app */;
			productType = "com.apple.product-type.application";
		};
/* End PBXNativeTarget section */

/* Begin PBXProject section */
		EC7D5EB31E4BF94B009A2E85 /* Project object */ = {
			isa = PBXProject;
			attributes = {
				LastSwiftUpdateCheck = 0820;
				LastUpgradeCheck = 0900;
				ORGANIZATIONNAME = "Kultenko Sergey";
				TargetAttributes = {
					EC7D5EBA1E4BF94B009A2E85 = {
						CreatedOnToolsVersion = 8.2.1;
						DevelopmentTeam = ECXQ8F5RNV;
						LastSwiftMigration = 0900;
						ProvisioningStyle = Automatic;
					};
				};
			};
			buildConfigurationList = EC7D5EB61E4BF94B009A2E85 /* Build configuration list for PBXProject "Smashtag" */;
			compatibilityVersion = "Xcode 3.2";
			developmentRegion = English;
			hasScannedForEncodings = 0;
			knownRegions = (
				en,
				Base,
			);
			mainGroup = EC7D5EB21E4BF94B009A2E85;
			productRefGroup = EC7D5EBC1E4BF94B009A2E85 /* Products */;
			projectDirPath = "";
			projectRoot = "";
			targets = (
				EC7D5EBA1E4BF94B009A2E85 /* Smashtag */,
			);
		};
/* End PBXProject section */

/* Begin PBXResourcesBuildPhase section */
		EC7D5EB91E4BF94B009A2E85 /* Resources */ = {
			isa = PBXResourcesBuildPhase;
			buildActionMask = 2147483647;
			files = (
				E46000D91F7F770D00F76523 /* Main.storyboard in Resources */,
				E46000E21F7F770D00F76523 /* Assets.xcassets in Resources */,
				E46000D81F7F770D00F76523 /* LaunchScreen.storyboard in Resources */,
			);
			runOnlyForDeploymentPostprocessing = 0;
		};
/* End PBXResourcesBuildPhase section */

/* Begin PBXSourcesBuildPhase section */
		EC7D5EB71E4BF94B009A2E85 /* Sources */ = {
			isa = PBXSourcesBuildPhase;
			buildActionMask = 2147483647;
			files = (
				E4E357A81F838B36000A10C9 /* TweetSearchHistoryUse.swift in Sources */,
				E41A20FD1F83770900CEA41A /* TweetSearchHistory.swift in Sources */,
				E46000E01F7F770D00F76523 /* TwitterUser.swift in Sources */,
				E4FC4EF41F8240DD0032D006 /* TweetInfoSectionType.swift in Sources */,
				E46154871FB989250080EFD6 /* TweetMention+CoreDataClass.swift in Sources */,
				E46000D41F7F770D00F76523 /* AppDelegate.swift in Sources */,
				E46000D61F7F770D00F76523 /* SmashTweetersTableViewController.swift in Sources */,
				E46000DF1F7F770D00F76523 /* Tweet.swift in Sources */,
				E48088311FBA7BF1004311A0 /* DataBasePruningService.swift in Sources */,
				E46000D71F7F770D00F76523 /* SmashTweetTableViewController.swift in Sources */,
				E46000DD1F7F770D00F76523 /* FetchedResultsTableViewController.swift in Sources */,
				E4D837C41FB719F800389C99 /* TweetPicturesViewController.swift in Sources */,
				E46000DA1F7F770D00F76523 /* TweetTableViewCell.swift in Sources */,
				E4FC4EF61F824CE40032D006 /* TweetInfoCellFactory.swift in Sources */,
				E46000DE1F7F770D00F76523 /* Smash.xcdatamodeld in Sources */,
				E4E357A61F838AEF000A10C9 /* DependencyInjectorUse.swift in Sources */,
				E42DC8B41F8210C400AB52C3 /* TweetInfoTableTableViewController.swift in Sources */,
				E4F713FA1FB9590000D693D4 /* TweetTabBarController.swift in Sources */,
				E4FC4EF21F82405A0032D006 /* TweetInfoSection.swift in Sources */,
				E46154831FB97A350080EFD6 /* TweetPopularityViewModel.swift in Sources */,
				E41A20FA1F83710500CEA41A /* SearchHistoryTableViewController.swift in Sources */,
				E4D012AA1FB7EA260054C59B /* TweetImageCollectionViewCell.swift in Sources */,
				E461548A1FB9A79F0080EFD6 /* SearchResult.swift in Sources */,
				E45452931F95B5AE00A00BFB /* TweetWebViewController.swift in Sources */,
				E41A20F51F832AFF00CEA41A /* TweetMediaImageViewController.swift in Sources */,
				E41A20F21F83126400CEA41A /* TweetInfoMediaTableViewCell.swift in Sources */,
				E4D837C71FB7233800389C99 /* OperationsResults.swift in Sources */,
				E461547E1FB96B2D0080EFD6 /* PopularityViewController.swift in Sources */,
				E41A21001F837FFE00CEA41A /* DependencyInjector.swift in Sources */,
				E42DC8B81F82210F00AB52C3 /* TweetInfoModel.swift in Sources */,
				E4520F941F95F3B600AF5E77 /* TweetsImagesModel.swift in Sources */,
				E46000E11F7F770D00F76523 /* UITableViewDataSource+NSFetchedResultsController.swift in Sources */,
				E46000DB1F7F770D00F76523 /* TweetTableViewController.swift in Sources */,
			);
			runOnlyForDeploymentPostprocessing = 0;
		};
/* End PBXSourcesBuildPhase section */

/* Begin XCBuildConfiguration section */
		EC7D5ECB1E4BF94B009A2E85 /* Debug */ = {
			isa = XCBuildConfiguration;
			buildSettings = {
				ALWAYS_SEARCH_USER_PATHS = NO;
				CLANG_ANALYZER_NONNULL = YES;
				CLANG_CXX_LANGUAGE_STANDARD = "gnu++0x";
				CLANG_CXX_LIBRARY = "libc++";
				CLANG_ENABLE_MODULES = YES;
				CLANG_ENABLE_OBJC_ARC = YES;
				CLANG_WARN_BLOCK_CAPTURE_AUTORELEASING = YES;
				CLANG_WARN_BOOL_CONVERSION = YES;
				CLANG_WARN_COMMA = YES;
				CLANG_WARN_CONSTANT_CONVERSION = YES;
				CLANG_WARN_DIRECT_OBJC_ISA_USAGE = YES_ERROR;
				CLANG_WARN_DOCUMENTATION_COMMENTS = YES;
				CLANG_WARN_EMPTY_BODY = YES;
				CLANG_WARN_ENUM_CONVERSION = YES;
				CLANG_WARN_INFINITE_RECURSION = YES;
				CLANG_WARN_INT_CONVERSION = YES;
				CLANG_WARN_NON_LITERAL_NULL_CONVERSION = YES;
				CLANG_WARN_OBJC_LITERAL_CONVERSION = YES;
				CLANG_WARN_OBJC_ROOT_CLASS = YES_ERROR;
				CLANG_WARN_RANGE_LOOP_ANALYSIS = YES;
				CLANG_WARN_STRICT_PROTOTYPES = YES;
				CLANG_WARN_SUSPICIOUS_MOVE = YES;
				CLANG_WARN_UNREACHABLE_CODE = YES;
				CLANG_WARN__DUPLICATE_METHOD_MATCH = YES;
				"CODE_SIGN_IDENTITY[sdk=iphoneos*]" = "iPhone Developer";
				COPY_PHASE_STRIP = NO;
				DEBUG_INFORMATION_FORMAT = dwarf;
				ENABLE_STRICT_OBJC_MSGSEND = YES;
				ENABLE_TESTABILITY = YES;
				GCC_C_LANGUAGE_STANDARD = gnu99;
				GCC_DYNAMIC_NO_PIC = NO;
				GCC_NO_COMMON_BLOCKS = YES;
				GCC_OPTIMIZATION_LEVEL = 0;
				GCC_PREPROCESSOR_DEFINITIONS = (
					"DEBUG=1",
					"$(inherited)",
				);
				GCC_WARN_64_TO_32_BIT_CONVERSION = YES;
				GCC_WARN_ABOUT_RETURN_TYPE = YES_ERROR;
				GCC_WARN_UNDECLARED_SELECTOR = YES;
				GCC_WARN_UNINITIALIZED_AUTOS = YES_AGGRESSIVE;
				GCC_WARN_UNUSED_FUNCTION = YES;
				GCC_WARN_UNUSED_VARIABLE = YES;
				IPHONEOS_DEPLOYMENT_TARGET = 10.0;
				MTL_ENABLE_DEBUG_INFO = YES;
				ONLY_ACTIVE_ARCH = YES;
				SDKROOT = iphoneos;
				SWIFT_ACTIVE_COMPILATION_CONDITIONS = DEBUG;
				SWIFT_OPTIMIZATION_LEVEL = "-Onone";
			};
			name = Debug;
		};
		EC7D5ECC1E4BF94B009A2E85 /* Release */ = {
			isa = XCBuildConfiguration;
			buildSettings = {
				ALWAYS_SEARCH_USER_PATHS = NO;
				CLANG_ANALYZER_NONNULL = YES;
				CLANG_CXX_LANGUAGE_STANDARD = "gnu++0x";
				CLANG_CXX_LIBRARY = "libc++";
				CLANG_ENABLE_MODULES = YES;
				CLANG_ENABLE_OBJC_ARC = YES;
				CLANG_WARN_BLOCK_CAPTURE_AUTORELEASING = YES;
				CLANG_WARN_BOOL_CONVERSION = YES;
				CLANG_WARN_COMMA = YES;
				CLANG_WARN_CONSTANT_CONVERSION = YES;
				CLANG_WARN_DIRECT_OBJC_ISA_USAGE = YES_ERROR;
				CLANG_WARN_DOCUMENTATION_COMMENTS = YES;
				CLANG_WARN_EMPTY_BODY = YES;
				CLANG_WARN_ENUM_CONVERSION = YES;
				CLANG_WARN_INFINITE_RECURSION = YES;
				CLANG_WARN_INT_CONVERSION = YES;
				CLANG_WARN_NON_LITERAL_NULL_CONVERSION = YES;
				CLANG_WARN_OBJC_LITERAL_CONVERSION = YES;
				CLANG_WARN_OBJC_ROOT_CLASS = YES_ERROR;
				CLANG_WARN_RANGE_LOOP_ANALYSIS = YES;
				CLANG_WARN_STRICT_PROTOTYPES = YES;
				CLANG_WARN_SUSPICIOUS_MOVE = YES;
				CLANG_WARN_UNREACHABLE_CODE = YES;
				CLANG_WARN__DUPLICATE_METHOD_MATCH = YES;
				"CODE_SIGN_IDENTITY[sdk=iphoneos*]" = "iPhone Developer";
				COPY_PHASE_STRIP = NO;
				DEBUG_INFORMATION_FORMAT = "dwarf-with-dsym";
				ENABLE_NS_ASSERTIONS = NO;
				ENABLE_STRICT_OBJC_MSGSEND = YES;
				GCC_C_LANGUAGE_STANDARD = gnu99;
				GCC_NO_COMMON_BLOCKS = YES;
				GCC_WARN_64_TO_32_BIT_CONVERSION = YES;
				GCC_WARN_ABOUT_RETURN_TYPE = YES_ERROR;
				GCC_WARN_UNDECLARED_SELECTOR = YES;
				GCC_WARN_UNINITIALIZED_AUTOS = YES_AGGRESSIVE;
				GCC_WARN_UNUSED_FUNCTION = YES;
				GCC_WARN_UNUSED_VARIABLE = YES;
				IPHONEOS_DEPLOYMENT_TARGET = 10.0;
				MTL_ENABLE_DEBUG_INFO = NO;
				SDKROOT = iphoneos;
				SWIFT_OPTIMIZATION_LEVEL = "-Owholemodule";
				VALIDATE_PRODUCT = YES;
			};
			name = Release;
		};
		EC7D5ECE1E4BF94B009A2E85 /* Debug */ = {
			isa = XCBuildConfiguration;
			buildSettings = {
				ASSETCATALOG_COMPILER_APPICON_NAME = AppIcon;
				DEVELOPMENT_TEAM = ECXQ8F5RNV;
				INFOPLIST_FILE = "$(SRCROOT)/Smashtag/Supporting Files/Info.plist";
				LD_RUNPATH_SEARCH_PATHS = "$(inherited) @executable_path/Frameworks";
				PRODUCT_BUNDLE_IDENTIFIER = edu.stanford.cs193p.lecture.Smashtag;
				PRODUCT_NAME = "$(TARGET_NAME)";
				SWIFT_SWIFT3_OBJC_INFERENCE = Default;
				SWIFT_VERSION = 4.0;
			};
			name = Debug;
		};
		EC7D5ECF1E4BF94B009A2E85 /* Release */ = {
			isa = XCBuildConfiguration;
			buildSettings = {
				ASSETCATALOG_COMPILER_APPICON_NAME = AppIcon;
				DEVELOPMENT_TEAM = ECXQ8F5RNV;
				INFOPLIST_FILE = "$(SRCROOT)/Smashtag/Supporting Files/Info.plist";
				LD_RUNPATH_SEARCH_PATHS = "$(inherited) @executable_path/Frameworks";
				PRODUCT_BUNDLE_IDENTIFIER = edu.stanford.cs193p.lecture.Smashtag;
				PRODUCT_NAME = "$(TARGET_NAME)";
				SWIFT_SWIFT3_OBJC_INFERENCE = Default;
				SWIFT_VERSION = 4.0;
			};
			name = Release;
		};
/* End XCBuildConfiguration section */

/* Begin XCConfigurationList section */
		EC7D5EB61E4BF94B009A2E85 /* Build configuration list for PBXProject "Smashtag" */ = {
			isa = XCConfigurationList;
			buildConfigurations = (
				EC7D5ECB1E4BF94B009A2E85 /* Debug */,
				EC7D5ECC1E4BF94B009A2E85 /* Release */,
			);
			defaultConfigurationIsVisible = 0;
			defaultConfigurationName = Release;
		};
		EC7D5ECD1E4BF94B009A2E85 /* Build configuration list for PBXNativeTarget "Smashtag" */ = {
			isa = XCConfigurationList;
			buildConfigurations = (
				EC7D5ECE1E4BF94B009A2E85 /* Debug */,
				EC7D5ECF1E4BF94B009A2E85 /* Release */,
			);
			defaultConfigurationIsVisible = 0;
			defaultConfigurationName = Release;
		};
/* End XCConfigurationList section */

/* Begin XCVersionGroup section */
		E46000CD1F7F770D00F76523 /* Smash.xcdatamodeld */ = {
			isa = XCVersionGroup;
			children = (
				E46000CE1F7F770D00F76523 /* Smash.xcdatamodel */,
			);
			currentVersion = E46000CE1F7F770D00F76523 /* Smash.xcdatamodel */;
			path = Smash.xcdatamodeld;
			sourceTree = "<group>";
			versionGroupType = wrapper.xcdatamodel;
		};
/* End XCVersionGroup section */
	};
	rootObject = EC7D5EB31E4BF94B009A2E85 /* Project object */;
}
